
Microsoft Visual Studio Solution File, Format Version 12.00
# Visual Studio 15
Project("{FAE04EC0-301F-11D3-BF4B-00C04F79EFBC}") = "ToolLibraryManagement", "ToolLibraryManagement\ToolLibraryManagement.csproj", "{C95EBEA4-FE0C-494F-9B24-D4550BC42F75}"
EndProject
Global
	GlobalSection(SolutionConfigurationPlatforms) = preSolution
		Debug|anycpu = Debug|anycpu
		Release|anycpu = Release|anycpu
	EndGlobalSection
	GlobalSection(ProjectConfigurationPlatforms) = postSolution
		{C95EBEA4-FE0C-494F-9B24-D4550BC42F75}.Debug|anycpu.ActiveCfg = Debug|anycpu
		{C95EBEA4-FE0C-494F-9B24-D4550BC42F75}.Debug|anycpu.Build.0 = Debug|anycpu
		{C95EBEA4-FE0C-494F-9B24-D4550BC42F75}.Release|anycpu.ActiveCfg = Release|anycpu
		{C95EBEA4-FE0C-494F-9B24-D4550BC42F75}.Release|anycpu.Build.0 = Release|anycpu
	EndGlobalSection
EndGlobal
